// !$*UTF8*$!
{
	archiveVersion = 1;
	classes = {
	};
	objectVersion = 54;
	objects = {

/* Begin PBXBuildFile section */
		013E8DF120C6E48A11C0550B /* RunRecord.swift in Sources */ = {isa = PBXBuildFile; fileRef = 62AAA3D42DA1F0FE41EBD41F /* RunRecord.swift */; };
		21AA9534577C9498A99CFB43 /* ContentView.swift in Sources */ = {isa = PBXBuildFile; fileRef = 31B78260DAB77DEDF48D8765 /* ContentView.swift */; };
		22BD2B8A7BD2B0444558525F /* SettingsView.swift in Sources */ = {isa = PBXBuildFile; fileRef = C65651F0929BD30431988091 /* SettingsView.swift */; };
		2525C11168DF3524F4011068 /* Supabase in Frameworks */ = {isa = PBXBuildFile; productRef = B2BCBDD4E07AAE7482390283 /* Supabase */; };
		25D376E05C2A79956DD49BA2 /* ForgotPasswordView.swift in Sources */ = {isa = PBXBuildFile; fileRef = F9F338235E518B473D85BE2D /* ForgotPasswordView.swift */; };
		2C5DA906661B75C22C5E9AAB /* HistoryDetailView.swift in Sources */ = {isa = PBXBuildFile; fileRef = 4413938DCD5CEF0346AFD1A3 /* HistoryDetailView.swift */; };
		39D64756CC5960F79DADD7BF /* SpeechManager.swift in Sources */ = {isa = PBXBuildFile; fileRef = 57817154FCD67BD41E729CD8 /* SpeechManager.swift */; };
		44B7954EDF8907BBCE9C14B5 /* CLAUDE.md in Resources */ = {isa = PBXBuildFile; fileRef = A2748FE8AA57D3D4216DA4BB /* CLAUDE.md */; };
		453459F66B42C9B87464885C /* AIManager.swift in Sources */ = {isa = PBXBuildFile; fileRef = 08283168190FCE5DFD3E65E2 /* AIManager.swift */; };
		471E235160A4D4B6DD0AAB8D /* RunMapView.swift in Sources */ = {isa = PBXBuildFile; fileRef = 3AFA0A9E0B60BB59445969ED /* RunMapView.swift */; };
		61559B75B36BEB69FC5BD4F1 /* RunDataManager.swift in Sources */ = {isa = PBXBuildFile; fileRef = 9BFE82D22737A33E13E702B6 /* RunDataManager.swift */; };
		659D5117543B7138C9DA34DF /* HistoryView.swift in Sources */ = {isa = PBXBuildFile; fileRef = 565F28E448D93511676A8395 /* HistoryView.swift */; };
		65D6A1C2AB0176C6B9DD43FF /* TrainingPlanView.swift in Sources */ = {isa = PBXBuildFile; fileRef = 124707344CABB85DE155A5AC /* TrainingPlanView.swift */; };
		70D98804421D8287BBAFBB9F /* AIRunningCoachApp.swift in Sources */ = {isa = PBXBuildFile; fileRef = 88700A4E8EF7AD6D3FABF1D2 /* AIRunningCoachApp.swift */; };
		71D726EF4727282DE5BA5ACD /* TrainingPlan.swift in Sources */ = {isa = PBXBuildFile; fileRef = 729CB00236199C7E5B34912F /* TrainingPlan.swift */; };
		746E9A51EC53E774635EBAEC /* Assets.xcassets in Resources */ = {isa = PBXBuildFile; fileRef = B36821D05F7DD4C28B01B428 /* Assets.xcassets */; };
		7C84765157F01D1DE0C61DDF /* SupabaseTestView.swift in Sources */ = {isa = PBXBuildFile; fileRef = BB377A3912ACCB629159CE88 /* SupabaseTestView.swift */; };
		7EA41E89F364009ED221DF24 /* AuthManager.swift in Sources */ = {isa = PBXBuildFile; fileRef = 70FCE61FF494009D17442EF2 /* AuthManager.swift */; };
		897329D7D9CE6DD3624B73C5 /* HomeView.swift in Sources */ = {isa = PBXBuildFile; fileRef = 67FD7D65F7003A0E9DA35F0A /* HomeView.swift */; };
		993799552B04199F5B4905D7 /* LoginView.swift in Sources */ = {isa = PBXBuildFile; fileRef = C85B8C6E7A65B45D6851C6F9 /* LoginView.swift */; };
		A08C224205C69E5371EC48A0 /* DetailedStatsView.swift in Sources */ = {isa = PBXBuildFile; fileRef = 74744F7FF003A409921152AB /* DetailedStatsView.swift */; };
		A3E9FFE3FC41587E6ADD47AE /* SupabaseClient.swift in Sources */ = {isa = PBXBuildFile; fileRef = AFA319CC8959DF6E6FE212DC /* SupabaseClient.swift */; };
		A85DA2F7B1D1737FEF275F4A /* LocationManager.swift in Sources */ = {isa = PBXBuildFile; fileRef = 19618B5AC9B32D7DC89473B9 /* LocationManager.swift */; };
		A9703CD761A26E53EF525DFF /* ActiveRunView.swift in Sources */ = {isa = PBXBuildFile; fileRef = 5492D4946BDDB9584CBD3AA8 /* ActiveRunView.swift */; };
		B085990262721D8A239355C5 /* CoordinateConverter.swift in Sources */ = {isa = PBXBuildFile; fileRef = A9E818BB938885DE05E905A0 /* CoordinateConverter.swift */; };
		C6D16A9278F4F9E055C07886 /* SignInWithAppleButton.swift in Sources */ = {isa = PBXBuildFile; fileRef = 71F4408E09232A697F86A2C0 /* SignInWithAppleButton.swift */; };
		D1CA8A1D5E3ECAC654312872 /* RunSummaryView.swift in Sources */ = {isa = PBXBuildFile; fileRef = 422F9F0D34D3FCD8D5E2A4F8 /* RunSummaryView.swift */; };
		E54ECD75E3E6F871ADD559FB /* GoalSelectionView.swift in Sources */ = {isa = PBXBuildFile; fileRef = A35628295DD86A50D091E306 /* GoalSelectionView.swift */; };
		AA11111111111111111111AA /* VoiceScript.swift in Sources */ = {isa = PBXBuildFile; fileRef = BB11111111111111111111BB /* VoiceScript.swift */; };
		AA22222222222222222222AA /* VoiceService.swift in Sources */ = {isa = PBXBuildFile; fileRef = BB22222222222222222222BB /* VoiceService.swift */; };
		AA33333333333333333333AA /* VoiceScriptManager.swift in Sources */ = {isa = PBXBuildFile; fileRef = BB33333333333333333333BB /* VoiceScriptManager.swift */; };
		AA44444444444444444444AA /* VoiceTriggerEngine.swift in Sources */ = {isa = PBXBuildFile; fileRef = BB44444444444444444444BB /* VoiceTriggerEngine.swift */; };
		AA55555555555555555555AA /* RunningDemoView.swift in Sources */ = {isa = PBXBuildFile; fileRef = BB55555555555555555555BB /* RunningDemoView.swift */; };
/* End PBXBuildFile section */

/* Begin PBXFileReference section */
		08283168190FCE5DFD3E65E2 /* AIManager.swift */ = {isa = PBXFileReference; lastKnownFileType = sourcecode.swift; path = AIManager.swift; sourceTree = "<group>"; };
		124707344CABB85DE155A5AC /* TrainingPlanView.swift */ = {isa = PBXFileReference; lastKnownFileType = sourcecode.swift; path = TrainingPlanView.swift; sourceTree = "<group>"; };
		19618B5AC9B32D7DC89473B9 /* LocationManager.swift */ = {isa = PBXFileReference; lastKnownFileType = sourcecode.swift; path = LocationManager.swift; sourceTree = "<group>"; };
		31B78260DAB77DEDF48D8765 /* ContentView.swift */ = {isa = PBXFileReference; lastKnownFileType = sourcecode.swift; path = ContentView.swift; sourceTree = "<group>"; };
		3AFA0A9E0B60BB59445969ED /* RunMapView.swift */ = {isa = PBXFileReference; lastKnownFileType = sourcecode.swift; path = RunMapView.swift; sourceTree = "<group>"; };
		422F9F0D34D3FCD8D5E2A4F8 /* RunSummaryView.swift */ = {isa = PBXFileReference; lastKnownFileType = sourcecode.swift; path = RunSummaryView.swift; sourceTree = "<group>"; };
		4413938DCD5CEF0346AFD1A3 /* HistoryDetailView.swift */ = {isa = PBXFileReference; lastKnownFileType = sourcecode.swift; path = HistoryDetailView.swift; sourceTree = "<group>"; };
		5492D4946BDDB9584CBD3AA8 /* ActiveRunView.swift */ = {isa = PBXFileReference; lastKnownFileType = sourcecode.swift; path = ActiveRunView.swift; sourceTree = "<group>"; };
		565F28E448D93511676A8395 /* HistoryView.swift */ = {isa = PBXFileReference; lastKnownFileType = sourcecode.swift; path = HistoryView.swift; sourceTree = "<group>"; };
		57817154FCD67BD41E729CD8 /* SpeechManager.swift */ = {isa = PBXFileReference; lastKnownFileType = sourcecode.swift; path = SpeechManager.swift; sourceTree = "<group>"; };
		62AAA3D42DA1F0FE41EBD41F /* RunRecord.swift */ = {isa = PBXFileReference; lastKnownFileType = sourcecode.swift; path = RunRecord.swift; sourceTree = "<group>"; };
		67FD7D65F7003A0E9DA35F0A /* HomeView.swift */ = {isa = PBXFileReference; lastKnownFileType = sourcecode.swift; path = HomeView.swift; sourceTree = "<group>"; };
		6A67206C7BB05873D7687676 /* AIRunningCoach-Bridging-Header.h */ = {isa = PBXFileReference; lastKnownFileType = sourcecode.c.h; path = "AIRunningCoach-Bridging-Header.h"; sourceTree = "<group>"; };
		70FCE61FF494009D17442EF2 /* AuthManager.swift */ = {isa = PBXFileReference; lastKnownFileType = sourcecode.swift; path = AuthManager.swift; sourceTree = "<group>"; };
		71F4408E09232A697F86A2C0 /* SignInWithAppleButton.swift */ = {isa = PBXFileReference; lastKnownFileType = sourcecode.swift; path = SignInWithAppleButton.swift; sourceTree = "<group>"; };
		729CB00236199C7E5B34912F /* TrainingPlan.swift */ = {isa = PBXFileReference; lastKnownFileType = sourcecode.swift; path = TrainingPlan.swift; sourceTree = "<group>"; };
		74744F7FF003A409921152AB /* DetailedStatsView.swift */ = {isa = PBXFileReference; lastKnownFileType = sourcecode.swift; path = DetailedStatsView.swift; sourceTree = "<group>"; };
		88700A4E8EF7AD6D3FABF1D2 /* AIRunningCoachApp.swift */ = {isa = PBXFileReference; lastKnownFileType = sourcecode.swift; path = AIRunningCoachApp.swift; sourceTree = "<group>"; };
		9BFE82D22737A33E13E702B6 /* RunDataManager.swift */ = {isa = PBXFileReference; lastKnownFileType = sourcecode.swift; path = RunDataManager.swift; sourceTree = "<group>"; };
		A2748FE8AA57D3D4216DA4BB /* CLAUDE.md */ = {isa = PBXFileReference; lastKnownFileType = net.daringfireball.markdown; path = CLAUDE.md; sourceTree = "<group>"; };
		A35628295DD86A50D091E306 /* GoalSelectionView.swift */ = {isa = PBXFileReference; lastKnownFileType = sourcecode.swift; path = GoalSelectionView.swift; sourceTree = "<group>"; };
		A9E818BB938885DE05E905A0 /* CoordinateConverter.swift */ = {isa = PBXFileReference; lastKnownFileType = sourcecode.swift; path = CoordinateConverter.swift; sourceTree = "<group>"; };
		AFA319CC8959DF6E6FE212DC /* SupabaseClient.swift */ = {isa = PBXFileReference; lastKnownFileType = sourcecode.swift; path = SupabaseClient.swift; sourceTree = "<group>"; };
		B36821D05F7DD4C28B01B428 /* Assets.xcassets */ = {isa = PBXFileReference; lastKnownFileType = folder.assetcatalog; path = Assets.xcassets; sourceTree = "<group>"; };
		BB377A3912ACCB629159CE88 /* SupabaseTestView.swift */ = {isa = PBXFileReference; lastKnownFileType = sourcecode.swift; path = SupabaseTestView.swift; sourceTree = "<group>"; };
		C65651F0929BD30431988091 /* SettingsView.swift */ = {isa = PBXFileReference; lastKnownFileType = sourcecode.swift; path = SettingsView.swift; sourceTree = "<group>"; };
		C85B8C6E7A65B45D6851C6F9 /* LoginView.swift */ = {isa = PBXFileReference; lastKnownFileType = sourcecode.swift; path = LoginView.swift; sourceTree = "<group>"; };
		F9F338235E518B473D85BE2D /* ForgotPasswordView.swift */ = {isa = PBXFileReference; lastKnownFileType = sourcecode.swift; path = ForgotPasswordView.swift; sourceTree = "<group>"; };
		FDBBC3E5FE2F8294D0433767 /* AIRunningCoach.app */ = {isa = PBXFileReference; includeInIndex = 0; lastKnownFileType = wrapper.application; path = AIRunningCoach.app; sourceTree = BUILT_PRODUCTS_DIR; };
		BB11111111111111111111BB /* VoiceScript.swift */ = {isa = PBXFileReference; lastKnownFileType = sourcecode.swift; path = VoiceScript.swift; sourceTree = "<group>"; };
		BB22222222222222222222BB /* VoiceService.swift */ = {isa = PBXFileReference; lastKnownFileType = sourcecode.swift; path = VoiceService.swift; sourceTree = "<group>"; };
		BB33333333333333333333BB /* VoiceScriptManager.swift */ = {isa = PBXFileReference; lastKnownFileType = sourcecode.swift; path = VoiceScriptManager.swift; sourceTree = "<group>"; };
		BB44444444444444444444BB /* VoiceTriggerEngine.swift */ = {isa = PBXFileReference; lastKnownFileType = sourcecode.swift; path = VoiceTriggerEngine.swift; sourceTree = "<group>"; };
		BB55555555555555555555BB /* RunningDemoView.swift */ = {isa = PBXFileReference; lastKnownFileType = sourcecode.swift; path = RunningDemoView.swift; sourceTree = "<group>"; };
/* End PBXFileReference section */

/* Begin PBXFrameworksBuildPhase section */
		ABE2C3781007872B463C8892 /* Frameworks */ = {
			isa = PBXFrameworksBuildPhase;
			buildActionMask = 2147483647;
			files = (
				2525C11168DF3524F4011068 /* Supabase in Frameworks */,
			);
			runOnlyForDeploymentPostprocessing = 0;
		};
/* End PBXFrameworksBuildPhase section */

/* Begin PBXGroup section */
		16994F433278FFA0F943D8B3 = {
			isa = PBXGroup;
			children = (
				6A67206C7BB05873D7687676 /* AIRunningCoach-Bridging-Header.h */,
				88700A4E8EF7AD6D3FABF1D2 /* AIRunningCoachApp.swift */,
				B36821D05F7DD4C28B01B428 /* Assets.xcassets */,
				A2748FE8AA57D3D4216DA4BB /* CLAUDE.md */,
				569AAD41CFF77AC7B4D12F2E /* Managers */,
				3F5C132E5FDB4128CB8C1BFC /* Models */,
				FDDCE35C081BE8B69CC0059F /* Utils */,
				20F0BB86DFBF5219CBB5349E /* Views */,
				257A02D4C8BD93EF083FE995 /* Products */,
			);
			sourceTree = "<group>";
		};
		20F0BB86DFBF5219CBB5349E /* Views */ = {
			isa = PBXGroup;
			children = (
				5492D4946BDDB9584CBD3AA8 /* ActiveRunView.swift */,
				31B78260DAB77DEDF48D8765 /* ContentView.swift */,
				74744F7FF003A409921152AB /* DetailedStatsView.swift */,
				F9F338235E518B473D85BE2D /* ForgotPasswordView.swift */,
				A35628295DD86A50D091E306 /* GoalSelectionView.swift */,
				4413938DCD5CEF0346AFD1A3 /* HistoryDetailView.swift */,
				565F28E448D93511676A8395 /* HistoryView.swift */,
				67FD7D65F7003A0E9DA35F0A /* HomeView.swift */,
				C85B8C6E7A65B45D6851C6F9 /* LoginView.swift */,
				3AFA0A9E0B60BB59445969ED /* RunMapView.swift */,
				422F9F0D34D3FCD8D5E2A4F8 /* RunSummaryView.swift */,
				BB55555555555555555555BB /* RunningDemoView.swift */,
				C65651F0929BD30431988091 /* SettingsView.swift */,
				71F4408E09232A697F86A2C0 /* SignInWithAppleButton.swift */,
				BB377A3912ACCB629159CE88 /* SupabaseTestView.swift */,
				124707344CABB85DE155A5AC /* TrainingPlanView.swift */,
			);
			path = Views;
			sourceTree = "<group>";
		};
		257A02D4C8BD93EF083FE995 /* Products */ = {
			isa = PBXGroup;
			children = (
				FDBBC3E5FE2F8294D0433767 /* AIRunningCoach.app */,
			);
			name = Products;
			sourceTree = "<group>";
		};
		3F5C132E5FDB4128CB8C1BFC /* Models */ = {
			isa = PBXGroup;
			children = (
				62AAA3D42DA1F0FE41EBD41F /* RunRecord.swift */,
				729CB00236199C7E5B34912F /* TrainingPlan.swift */,
				BB11111111111111111111BB /* VoiceScript.swift */,
			);
			path = Models;
			sourceTree = "<group>";
		};
		569AAD41CFF77AC7B4D12F2E /* Managers */ = {
			isa = PBXGroup;
			children = (
				08283168190FCE5DFD3E65E2 /* AIManager.swift */,
				70FCE61FF494009D17442EF2 /* AuthManager.swift */,
				19618B5AC9B32D7DC89473B9 /* LocationManager.swift */,
				9BFE82D22737A33E13E702B6 /* RunDataManager.swift */,
				57817154FCD67BD41E729CD8 /* SpeechManager.swift */,
				BB22222222222222222222BB /* VoiceService.swift */,
				BB33333333333333333333BB /* VoiceScriptManager.swift */,
				BB44444444444444444444BB /* VoiceTriggerEngine.swift */,
			);
			path = Managers;
			sourceTree = "<group>";
		};
		FDDCE35C081BE8B69CC0059F /* Utils */ = {
			isa = PBXGroup;
			children = (
				A9E818BB938885DE05E905A0 /* CoordinateConverter.swift */,
				AFA319CC8959DF6E6FE212DC /* SupabaseClient.swift */,
			);
			path = Utils;
			sourceTree = "<group>";
		};
/* End PBXGroup section */

/* Begin PBXNativeTarget section */
		F476530497A7870D8D2F1226 /* AIRunningCoach */ = {
			isa = PBXNativeTarget;
			buildConfigurationList = 027F777A1A595B3B701B311D /* Build configuration list for PBXNativeTarget "AIRunningCoach" */;
			buildPhases = (
				E700300A2260651F195EC2FF /* Sources */,
				4E302074C363F4986FE161B2 /* Resources */,
				ABE2C3781007872B463C8892 /* Frameworks */,
			);
			buildRules = (
			);
			dependencies = (
			);
			name = AIRunningCoach;
			packageProductDependencies = (
				B2BCBDD4E07AAE7482390283 /* Supabase */,
			);
			productName = AIRunningCoach;
			productReference = FDBBC3E5FE2F8294D0433767 /* AIRunningCoach.app */;
			productType = "com.apple.product-type.application";
		};
/* End PBXNativeTarget section */

/* Begin PBXProject section */
		6C4983306ED3FF1835899D85 /* Project object */ = {
			isa = PBXProject;
			attributes = {
				BuildIndependentTargetsInParallel = YES;
				LastUpgradeCheck = 1430;
				TargetAttributes = {
					F476530497A7870D8D2F1226 = {
						DevelopmentTeam = PW83W8JG6H;
						ProvisioningStyle = Automatic;
					};
				};
			};
			buildConfigurationList = 8E1D4142C29BBCD4088972F4 /* Build configuration list for PBXProject "AIRunningCoach" */;
			compatibilityVersion = "Xcode 14.0";
			developmentRegion = en;
			hasScannedForEncodings = 0;
			knownRegions = (
				Base,
				en,
			);
			mainGroup = 16994F433278FFA0F943D8B3;
			minimizedProjectReferenceProxies = 1;
			packageReferences = (
				CCFF14416EC8272FC0F3C2B2 /* XCRemoteSwiftPackageReference "supabase-swift" */,
			);
			preferredProjectObjectVersion = 54;
			projectDirPath = "";
			projectRoot = "";
			targets = (
				F476530497A7870D8D2F1226 /* AIRunningCoach */,
			);
		};
/* End PBXProject section */

/* Begin PBXResourcesBuildPhase section */
		4E302074C363F4986FE161B2 /* Resources */ = {
			isa = PBXResourcesBuildPhase;
			buildActionMask = 2147483647;
			files = (
				746E9A51EC53E774635EBAEC /* Assets.xcassets in Resources */,
				44B7954EDF8907BBCE9C14B5 /* CLAUDE.md in Resources */,
			);
			runOnlyForDeploymentPostprocessing = 0;
		};
/* End PBXResourcesBuildPhase section */

/* Begin PBXSourcesBuildPhase section */
		E700300A2260651F195EC2FF /* Sources */ = {
			isa = PBXSourcesBuildPhase;
			buildActionMask = 2147483647;
			files = (
				453459F66B42C9B87464885C /* AIManager.swift in Sources */,
				70D98804421D8287BBAFBB9F /* AIRunningCoachApp.swift in Sources */,
				A9703CD761A26E53EF525DFF /* ActiveRunView.swift in Sources */,
				7EA41E89F364009ED221DF24 /* AuthManager.swift in Sources */,
				21AA9534577C9498A99CFB43 /* ContentView.swift in Sources */,
				B085990262721D8A239355C5 /* CoordinateConverter.swift in Sources */,
				A08C224205C69E5371EC48A0 /* DetailedStatsView.swift in Sources */,
				25D376E05C2A79956DD49BA2 /* ForgotPasswordView.swift in Sources */,
				E54ECD75E3E6F871ADD559FB /* GoalSelectionView.swift in Sources */,
				2C5DA906661B75C22C5E9AAB /* HistoryDetailView.swift in Sources */,
				659D5117543B7138C9DA34DF /* HistoryView.swift in Sources */,
				897329D7D9CE6DD3624B73C5 /* HomeView.swift in Sources */,
				A85DA2F7B1D1737FEF275F4A /* LocationManager.swift in Sources */,
				993799552B04199F5B4905D7 /* LoginView.swift in Sources */,
				61559B75B36BEB69FC5BD4F1 /* RunDataManager.swift in Sources */,
				471E235160A4D4B6DD0AAB8D /* RunMapView.swift in Sources */,
				013E8DF120C6E48A11C0550B /* RunRecord.swift in Sources */,
				D1CA8A1D5E3ECAC654312872 /* RunSummaryView.swift in Sources */,
				22BD2B8A7BD2B0444558525F /* SettingsView.swift in Sources */,
				C6D16A9278F4F9E055C07886 /* SignInWithAppleButton.swift in Sources */,
				39D64756CC5960F79DADD7BF /* SpeechManager.swift in Sources */,
				A3E9FFE3FC41587E6ADD47AE /* SupabaseClient.swift in Sources */,
				7C84765157F01D1DE0C61DDF /* SupabaseTestView.swift in Sources */,
				71D726EF4727282DE5BA5ACD /* TrainingPlan.swift in Sources */,
				65D6A1C2AB0176C6B9DD43FF /* TrainingPlanView.swift in Sources */,
				AA11111111111111111111AA /* VoiceScript.swift in Sources */,
				AA22222222222222222222AA /* VoiceService.swift in Sources */,
				AA33333333333333333333AA /* VoiceScriptManager.swift in Sources */,
				AA44444444444444444444AA /* VoiceTriggerEngine.swift in Sources */,
				AA55555555555555555555AA /* RunningDemoView.swift in Sources */,
			);
			runOnlyForDeploymentPostprocessing = 0;
		};
/* End PBXSourcesBuildPhase section */

/* Begin XCBuildConfiguration section */
		0094BBEECC1DB869E7E8729A /* Release */ = {
			isa = XCBuildConfiguration;
			buildSettings = {
				ALWAYS_SEARCH_USER_PATHS = NO;
				CLANG_ANALYZER_NONNULL = YES;
				CLANG_ANALYZER_NUMBER_OBJECT_CONVERSION = YES_AGGRESSIVE;
				CLANG_CXX_LANGUAGE_STANDARD = "gnu++14";
				CLANG_CXX_LIBRARY = "libc++";
				CLANG_ENABLE_MODULES = YES;
				CLANG_ENABLE_OBJC_ARC = YES;
				CLANG_ENABLE_OBJC_WEAK = YES;
				CLANG_WARN_BLOCK_CAPTURE_AUTORELEASING = YES;
				CLANG_WARN_BOOL_CONVERSION = YES;
				CLANG_WARN_COMMA = YES;
				CLANG_WARN_CONSTANT_CONVERSION = YES;
				CLANG_WARN_DEPRECATED_OBJC_IMPLEMENTATIONS = YES;
				CLANG_WARN_DIRECT_OBJC_ISA_USAGE = YES_ERROR;
				CLANG_WARN_DOCUMENTATION_COMMENTS = YES;
				CLANG_WARN_EMPTY_BODY = YES;
				CLANG_WARN_ENUM_CONVERSION = YES;
				CLANG_WARN_INFINITE_RECURSION = YES;
				CLANG_WARN_INT_CONVERSION = YES;
				CLANG_WARN_NON_LITERAL_NULL_CONVERSION = YES;
				CLANG_WARN_OBJC_IMPLICIT_RETAIN_SELF = YES;
				CLANG_WARN_OBJC_LITERAL_CONVERSION = YES;
				CLANG_WARN_OBJC_ROOT_CLASS = YES_ERROR;
				CLANG_WARN_QUOTED_INCLUDE_IN_FRAMEWORK_HEADER = YES;
				CLANG_WARN_RANGE_LOOP_ANALYSIS = YES;
				CLANG_WARN_STRICT_PROTOTYPES = YES;
				CLANG_WARN_SUSPICIOUS_MOVE = YES;
				CLANG_WARN_UNGUARDED_AVAILABILITY = YES_AGGRESSIVE;
				CLANG_WARN_UNREACHABLE_CODE = YES;
				CLANG_WARN__DUPLICATE_METHOD_MATCH = YES;
				COPY_PHASE_STRIP = NO;
				DEBUG_INFORMATION_FORMAT = "dwarf-with-dsym";
				DEVELOPMENT_TEAM = PW83W8JG6H;
				ENABLE_NS_ASSERTIONS = NO;
				ENABLE_STRICT_OBJC_MSGSEND = YES;
				GCC_C_LANGUAGE_STANDARD = gnu11;
				GCC_NO_COMMON_BLOCKS = YES;
				GCC_WARN_64_TO_32_BIT_CONVERSION = YES;
				GCC_WARN_ABOUT_RETURN_TYPE = YES_ERROR;
				GCC_WARN_UNDECLARED_SELECTOR = YES;
				GCC_WARN_UNINITIALIZED_AUTOS = YES_AGGRESSIVE;
				GCC_WARN_UNUSED_FUNCTION = YES;
				GCC_WARN_UNUSED_VARIABLE = YES;
				IPHONEOS_DEPLOYMENT_TARGET = 16.0;
				MTL_ENABLE_DEBUG_INFO = NO;
				MTL_FAST_MATH = YES;
				PRODUCT_NAME = "$(TARGET_NAME)";
				SDKROOT = iphoneos;
				SWIFT_COMPILATION_MODE = wholemodule;
				SWIFT_OPTIMIZATION_LEVEL = "-O";
				SWIFT_VERSION = 5;
			};
			name = Release;
		};
		335778B4B75CD3C72BD1D0A7 /* Debug */ = {
			isa = XCBuildConfiguration;
			buildSettings = {
				ALWAYS_SEARCH_USER_PATHS = NO;
				CLANG_ANALYZER_NONNULL = YES;
				CLANG_ANALYZER_NUMBER_OBJECT_CONVERSION = YES_AGGRESSIVE;
				CLANG_CXX_LANGUAGE_STANDARD = "gnu++14";
				CLANG_CXX_LIBRARY = "libc++";
				CLANG_ENABLE_MODULES = YES;
				CLANG_ENABLE_OBJC_ARC = YES;
				CLANG_ENABLE_OBJC_WEAK = YES;
				CLANG_WARN_BLOCK_CAPTURE_AUTORELEASING = YES;
				CLANG_WARN_BOOL_CONVERSION = YES;
				CLANG_WARN_COMMA = YES;
				CLANG_WARN_CONSTANT_CONVERSION = YES;
				CLANG_WARN_DEPRECATED_OBJC_IMPLEMENTATIONS = YES;
				CLANG_WARN_DIRECT_OBJC_ISA_USAGE = YES_ERROR;
				CLANG_WARN_DOCUMENTATION_COMMENTS = YES;
				CLANG_WARN_EMPTY_BODY = YES;
				CLANG_WARN_ENUM_CONVERSION = YES;
				CLANG_WARN_INFINITE_RECURSION = YES;
				CLANG_WARN_INT_CONVERSION = YES;
				CLANG_WARN_NON_LITERAL_NULL_CONVERSION = YES;
				CLANG_WARN_OBJC_IMPLICIT_RETAIN_SELF = YES;
				CLANG_WARN_OBJC_LITERAL_CONVERSION = YES;
				CLANG_WARN_OBJC_ROOT_CLASS = YES_ERROR;
				CLANG_WARN_QUOTED_INCLUDE_IN_FRAMEWORK_HEADER = YES;
				CLANG_WARN_RANGE_LOOP_ANALYSIS = YES;
				CLANG_WARN_STRICT_PROTOTYPES = YES;
				CLANG_WARN_SUSPICIOUS_MOVE = YES;
				CLANG_WARN_UNGUARDED_AVAILABILITY = YES_AGGRESSIVE;
				CLANG_WARN_UNREACHABLE_CODE = YES;
				CLANG_WARN__DUPLICATE_METHOD_MATCH = YES;
				COPY_PHASE_STRIP = NO;
				DEBUG_INFORMATION_FORMAT = dwarf;
				DEVELOPMENT_TEAM = PW83W8JG6H;
				ENABLE_STRICT_OBJC_MSGSEND = YES;
				ENABLE_TESTABILITY = YES;
				GCC_C_LANGUAGE_STANDARD = gnu11;
				GCC_DYNAMIC_NO_PIC = NO;
				GCC_NO_COMMON_BLOCKS = YES;
				GCC_OPTIMIZATION_LEVEL = 0;
				GCC_PREPROCESSOR_DEFINITIONS = (
					"$(inherited)",
					"DEBUG=1",
				);
				GCC_WARN_64_TO_32_BIT_CONVERSION = YES;
				GCC_WARN_ABOUT_RETURN_TYPE = YES_ERROR;
				GCC_WARN_UNDECLARED_SELECTOR = YES;
				GCC_WARN_UNINITIALIZED_AUTOS = YES_AGGRESSIVE;
				GCC_WARN_UNUSED_FUNCTION = YES;
				GCC_WARN_UNUSED_VARIABLE = YES;
				IPHONEOS_DEPLOYMENT_TARGET = 16.0;
				MTL_ENABLE_DEBUG_INFO = INCLUDE_SOURCE;
				MTL_FAST_MATH = YES;
				ONLY_ACTIVE_ARCH = YES;
				PRODUCT_NAME = "$(TARGET_NAME)";
				SDKROOT = iphoneos;
				SWIFT_ACTIVE_COMPILATION_CONDITIONS = DEBUG;
				SWIFT_OPTIMIZATION_LEVEL = "-Onone";
				SWIFT_VERSION = 5;
			};
			name = Debug;
		};
		3D50B384DB8F7C0EF570933C /* Debug */ = {
			isa = XCBuildConfiguration;
			buildSettings = {
				ASSETCATALOG_COMPILER_APPICON_NAME = AppIcon;
				ASSETCATALOG_COMPILER_GLOBAL_ACCENT_COLOR_NAME = AccentColor;
				CODE_SIGN_ENTITLEMENTS = AIRunningCoach.entitlements;
				CODE_SIGN_IDENTITY = "iPhone Developer";
				CODE_SIGN_STYLE = Automatic;
				CURRENT_PROJECT_VERSION = 1;
				ENABLE_PREVIEWS = YES;
				GENERATE_INFOPLIST_FILE = YES;
				INFOPLIST_KEY_CFBundleDisplayName = "AI跑步教练";
				INFOPLIST_KEY_NSLocationAlwaysAndWhenInUseUsageDescription = "需要访问您的位置信息来记录跑步轨迹和计算距离，即使应用在后台运行";
				INFOPLIST_KEY_NSLocationWhenInUseUsageDescription = "需要访问您的位置信息来记录跑步轨迹和计算距离";
				INFOPLIST_KEY_UIApplicationSceneManifest_Generation = YES;
				INFOPLIST_KEY_UIApplicationSupportsIndirectInputEvents = YES;
				INFOPLIST_KEY_UIBackgroundModes = location;
				INFOPLIST_KEY_UILaunchScreen_Generation = YES;
				INFOPLIST_KEY_UISupportedInterfaceOrientations_iPad = "UIInterfaceOrientationPortrait UIInterfaceOrientationPortraitUpsideDown UIInterfaceOrientationLandscapeLeft UIInterfaceOrientationLandscapeRight";
				INFOPLIST_KEY_UISupportedInterfaceOrientations_iPhone = "UIInterfaceOrientationPortrait UIInterfaceOrientationLandscapeLeft UIInterfaceOrientationLandscapeRight";
				LD_RUNPATH_SEARCH_PATHS = (
					"$(inherited)",
					"@executable_path/Frameworks",
				);
				MARKETING_VERSION = 1.0;
				PRODUCT_BUNDLE_IDENTIFIER = com.zhouxiaohong.AIRunningCoach;
				PRODUCT_NAME = AIRunningCoach;
				SDKROOT = iphoneos;
				SWIFT_ACTIVE_COMPILATION_CONDITIONS = "DEBUG $(inherited)";
				SWIFT_OBJC_BRIDGING_HEADER = "AIRunningCoach-Bridging-Header.h";
				SWIFT_OPTIMIZATION_LEVEL = "-Onone";
				TARGETED_DEVICE_FAMILY = "1,2";
			};
			name = Debug;
		};
		E000AE58EEC17BB50B2125D2 /* Release */ = {
			isa = XCBuildConfiguration;
			buildSettings = {
				ASSETCATALOG_COMPILER_APPICON_NAME = AppIcon;
				ASSETCATALOG_COMPILER_GLOBAL_ACCENT_COLOR_NAME = AccentColor;
				CODE_SIGN_ENTITLEMENTS = AIRunningCoach.entitlements;
				CODE_SIGN_IDENTITY = "iPhone Developer";
				CODE_SIGN_STYLE = Automatic;
				CURRENT_PROJECT_VERSION = 1;
				ENABLE_PREVIEWS = YES;
				GENERATE_INFOPLIST_FILE = YES;
				INFOPLIST_KEY_CFBundleDisplayName = "AI跑步教练";
				INFOPLIST_KEY_NSLocationAlwaysAndWhenInUseUsageDescription = "需要访问您的位置信息来记录跑步轨迹和计算距离，即使应用在后台运行";
				INFOPLIST_KEY_NSLocationWhenInUseUsageDescription = "需要访问您的位置信息来记录跑步轨迹和计算距离";
				INFOPLIST_KEY_UIApplicationSceneManifest_Generation = YES;
				INFOPLIST_KEY_UIApplicationSupportsIndirectInputEvents = YES;
				INFOPLIST_KEY_UIBackgroundModes = location;
				INFOPLIST_KEY_UILaunchScreen_Generation = YES;
				INFOPLIST_KEY_UISupportedInterfaceOrientations_iPad = "UIInterfaceOrientationPortrait UIInterfaceOrientationPortraitUpsideDown UIInterfaceOrientationLandscapeLeft UIInterfaceOrientationLandscapeRight";
				INFOPLIST_KEY_UISupportedInterfaceOrientations_iPhone = "UIInterfaceOrientationPortrait UIInterfaceOrientationLandscapeLeft UIInterfaceOrientationLandscapeRight";
				LD_RUNPATH_SEARCH_PATHS = (
					"$(inherited)",
					"@executable_path/Frameworks",
				);
				MARKETING_VERSION = 1.0;
				PRODUCT_BUNDLE_IDENTIFIER = com.zhouxiaohong.AIRunningCoach;
				PRODUCT_NAME = AIRunningCoach;
				SDKROOT = iphoneos;
				SWIFT_COMPILATION_MODE = wholemodule;
				SWIFT_OBJC_BRIDGING_HEADER = "AIRunningCoach-Bridging-Header.h";
				TARGETED_DEVICE_FAMILY = "1,2";
			};
			name = Release;
		};
/* End XCBuildConfiguration section */

/* Begin XCConfigurationList section */
		027F777A1A595B3B701B311D /* Build configuration list for PBXNativeTarget "AIRunningCoach" */ = {
			isa = XCConfigurationList;
			buildConfigurations = (
				3D50B384DB8F7C0EF570933C /* Debug */,
				E000AE58EEC17BB50B2125D2 /* Release */,
			);
			defaultConfigurationIsVisible = 0;
			defaultConfigurationName = Debug;
		};
		8E1D4142C29BBCD4088972F4 /* Build configuration list for PBXProject "AIRunningCoach" */ = {
			isa = XCConfigurationList;
			buildConfigurations = (
				335778B4B75CD3C72BD1D0A7 /* Debug */,
				0094BBEECC1DB869E7E8729A /* Release */,
			);
			defaultConfigurationIsVisible = 0;
			defaultConfigurationName = Debug;
		};
/* End XCConfigurationList section */

/* Begin XCRemoteSwiftPackageReference section */
		CCFF14416EC8272FC0F3C2B2 /* XCRemoteSwiftPackageReference "supabase-swift" */ = {
			isa = XCRemoteSwiftPackageReference;
			repositoryURL = "https://github.com/supabase/supabase-swift";
			requirement = {
				kind = upToNextMajorVersion;
				minimumVersion = 2.0.0;
			};
		};
/* End XCRemoteSwiftPackageReference section */

/* Begin XCSwiftPackageProductDependency section */
		B2BCBDD4E07AAE7482390283 /* Supabase */ = {
			isa = XCSwiftPackageProductDependency;
			package = CCFF14416EC8272FC0F3C2B2 /* XCRemoteSwiftPackageReference "supabase-swift" */;
			productName = Supabase;
		};
/* End XCSwiftPackageProductDependency section */
	};
	rootObject = 6C4983306ED3FF1835899D85 /* Project object */;
}
